
Microsoft Visual Studio Solution File, Format Version 12.00
# Visual Studio Version 17
VisualStudioVersion = 17.5.33516.290
MinimumVisualStudioVersion = 10.0.40219.1
Project("{FAE04EC0-301F-11D3-BF4B-00C04F79EFBC}") = "Module3LabC.Android", "Module3LabC.Android\Module3LabC.Android.csproj", "{7E6B4256-7F56-4DAE-89A2-73A2FBB0DFCA}"
EndProject
Project("{FAE04EC0-301F-11D3-BF4B-00C04F79EFBC}") = "Module3LabC", "Module3LabC\Module3LabC.csproj", "{C9BCE3D2-B125-477E-962D-6A5854187DAC}"
EndProject
Global
	GlobalSection(SolutionConfigurationPlatforms) = preSolution
		Debug|Any CPU = Debug|Any CPU
		Release|Any CPU = Release|Any CPU
	EndGlobalSection
	GlobalSection(ProjectConfigurationPlatforms) = postSolution
		{7E6B4256-7F56-4DAE-89A2-73A2FBB0DFCA}.Debug|Any CPU.ActiveCfg = Debug|Any CPU
		{7E6B4256-7F56-4DAE-89A2-73A2FBB0DFCA}.Debug|Any CPU.Build.0 = Debug|Any CPU
		{7E6B4256-7F56-4DAE-89A2-73A2FBB0DFCA}.Debug|Any CPU.Deploy.0 = Debug|Any CPU
		{7E6B4256-7F56-4DAE-89A2-73A2FBB0DFCA}.Release|Any CPU.ActiveCfg = Release|Any CPU
		{7E6B4256-7F56-4DAE-89A2-73A2FBB0DFCA}.Release|Any CPU.Build.0 = Release|Any CPU
		{7E6B4256-7F56-4DAE-89A2-73A2FBB0DFCA}.Release|Any CPU.Deploy.0 = Release|Any CPU
		{C9BCE3D2-B125-477E-962D-6A5854187DAC}.Debug|Any CPU.ActiveCfg = Debug|Any CPU
		{C9BCE3D2-B125-477E-962D-6A5854187DAC}.Debug|Any CPU.Build.0 = Debug|Any CPU
		{C9BCE3D2-B125-477E-962D-6A5854187DAC}.Debug|Any CPU.Deploy.0 = Debug|Any CPU
		{C9BCE3D2-B125-477E-962D-6A5854187DAC}.Release|Any CPU.ActiveCfg = Release|Any CPU
		{C9BCE3D2-B125-477E-962D-6A5854187DAC}.Release|Any CPU.Build.0 = Release|Any CPU
		{C9BCE3D2-B125-477E-962D-6A5854187DAC}.Release|Any CPU.Deploy.0 = Release|Any CPU
	EndGlobalSection
	GlobalSection(SolutionProperties) = preSolution
		HideSolutionNode = FALSE
	EndGlobalSection
	GlobalSection(ExtensibilityGlobals) = postSolution
		SolutionGuid = {2FD117B1-27EA-419E-9A0B-9D5747AC01F6}
	EndGlobalSection
EndGlobal
